// !$*UTF8*$!
{
	archiveVersion = 1;
	classes = {
	};
	objectVersion = 50;
	objects = {

/* Begin PBXBuildFile section */
		52885FBA21A9B83D00896890 /* AppDelegate.swift in Sources */ = {isa = PBXBuildFile; fileRef = 52885FB921A9B83D00896890 /* AppDelegate.swift */; };
		52885FBC21A9B83D00896890 /* MemeViewController.swift in Sources */ = {isa = PBXBuildFile; fileRef = 52885FBB21A9B83D00896890 /* MemeViewController.swift */; };
		52885FBF21A9B83D00896890 /* Main.storyboard in Resources */ = {isa = PBXBuildFile; fileRef = 52885FBD21A9B83D00896890 /* Main.storyboard */; };
		52885FC121A9B83E00896890 /* Assets.xcassets in Resources */ = {isa = PBXBuildFile; fileRef = 52885FC021A9B83E00896890 /* Assets.xcassets */; };
		52885FC421A9B83E00896890 /* LaunchScreen.storyboard in Resources */ = {isa = PBXBuildFile; fileRef = 52885FC221A9B83E00896890 /* LaunchScreen.storyboard */; };
		52885FCC21AB579800896890 /* MemeModel.swift in Sources */ = {isa = PBXBuildFile; fileRef = 52885FCB21AB579800896890 /* MemeModel.swift */; };
/* End PBXBuildFile section */

/* Begin PBXFileReference section */
		52885FB621A9B83D00896890 /* MemeMev1.app */ = {isa = PBXFileReference; explicitFileType = wrapper.application; includeInIndex = 0; path = MemeMev1.app; sourceTree = BUILT_PRODUCTS_DIR; };
		52885FB921A9B83D00896890 /* AppDelegate.swift */ = {isa = PBXFileReference; lastKnownFileType = sourcecode.swift; path = AppDelegate.swift; sourceTree = "<group>"; };
		52885FBB21A9B83D00896890 /* MemeViewController.swift */ = {isa = PBXFileReference; lastKnownFileType = sourcecode.swift; path = MemeViewController.swift; sourceTree = "<group>"; };
		52885FBE21A9B83D00896890 /* Base */ = {isa = PBXFileReference; lastKnownFileType = file.storyboard; name = Base; path = Base.lproj/Main.storyboard; sourceTree = "<group>"; };
		52885FC021A9B83E00896890 /* Assets.xcassets */ = {isa = PBXFileReference; lastKnownFileType = folder.assetcatalog; path = Assets.xcassets; sourceTree = "<group>"; };
		52885FC321A9B83E00896890 /* Base */ = {isa = PBXFileReference; lastKnownFileType = file.storyboard; name = Base; path = Base.lproj/LaunchScreen.storyboard; sourceTree = "<group>"; };
		52885FC521A9B83E00896890 /* Info.plist */ = {isa = PBXFileReference; lastKnownFileType = text.plist.xml; path = Info.plist; sourceTree = "<group>"; };
		52885FCB21AB579800896890 /* MemeModel.swift */ = {isa = PBXFileReference; lastKnownFileType = sourcecode.swift; path = MemeModel.swift; sourceTree = "<group>"; };
/* End PBXFileReference section */

/* Begin PBXFrameworksBuildPhase section */
		52885FB321A9B83D00896890 /* Frameworks */ = {
			isa = PBXFrameworksBuildPhase;
			buildActionMask = 2147483647;
			files = (
			);
			runOnlyForDeploymentPostprocessing = 0;
		};
/* End PBXFrameworksBuildPhase section */

/* Begin PBXGroup section */
		52885FAD21A9B83D00896890 = {
			isa = PBXGroup;
			children = (
				52885FB821A9B83D00896890 /* MemeMev1 */,
				52885FB721A9B83D00896890 /* Products */,
			);
			sourceTree = "<group>";
		};
		52885FB721A9B83D00896890 /* Products */ = {
			isa = PBXGroup;
			children = (
				52885FB621A9B83D00896890 /* MemeMev1.app */,
			);
			name = Products;
			sourceTree = "<group>";
		};
		52885FB821A9B83D00896890 /* MemeMev1 */ = {
			isa = PBXGroup;
			children = (
				52885FB921A9B83D00896890 /* AppDelegate.swift */,
				52885FBB21A9B83D00896890 /* MemeViewController.swift */,
				52885FBD21A9B83D00896890 /* Main.storyboard */,
				52885FC021A9B83E00896890 /* Assets.xcassets */,
				52885FC221A9B83E00896890 /* LaunchScreen.storyboard */,
				52885FC521A9B83E00896890 /* Info.plist */,
				52885FCB21AB579800896890 /* MemeModel.swift */,
			);
			path = MemeMev1;
			sourceTree = "<group>";
		};
/* End PBXGroup section */

/* Begin PBXNativeTarget section */
		52885FB521A9B83D00896890 /* MemeMev1 */ = {
			isa = PBXNativeTarget;
			buildConfigurationList = 52885FC821A9B83E00896890 /* Build configuration list for PBXNativeTarget "MemeMev1" */;
			buildPhases = (
				52885FB221A9B83D00896890 /* Sources */,
				52885FB321A9B83D00896890 /* Frameworks */,
				52885FB421A9B83D00896890 /* Resources */,
			);
			buildRules = (
			);
			dependencies = (
			);
			name = MemeMev1;
			productName = MemeMev1;
			productReference = 52885FB621A9B83D00896890 /* MemeMev1.app */;
			productType = "com.apple.product-type.application";
		};
/* End PBXNativeTarget section */

/* Begin PBXProject section */
		52885FAE21A9B83D00896890 /* Project object */ = {
			isa = PBXProject;
			attributes = {
				LastSwiftUpdateCheck = 1000;
				LastUpgradeCheck = 1000;
				ORGANIZATIONNAME = "Optimize 7";
				TargetAttributes = {
					52885FB521A9B83D00896890 = {
						CreatedOnToolsVersion = 10.0;
					};
				};
			};
			buildConfigurationList = 52885FB121A9B83D00896890 /* Build configuration list for PBXProject "MemeMev1" */;
			compatibilityVersion = "Xcode 9.3";
			developmentRegion = en;
			hasScannedForEncodings = 0;
			knownRegions = (
				en,
				Base,
			);
			mainGroup = 52885FAD21A9B83D00896890;
			productRefGroup = 52885FB721A9B83D00896890 /* Products */;
			projectDirPath = "";
			projectRoot = "";
			targets = (
				52885FB521A9B83D00896890 /* MemeMev1 */,
			);
		};
/* End PBXProject section */

/* Begin PBXResourcesBuildPhase section */
		52885FB421A9B83D00896890 /* Resources */ = {
			isa = PBXResourcesBuildPhase;
			buildActionMask = 2147483647;
			files = (
				52885FC421A9B83E00896890 /* LaunchScreen.storyboard in Resources */,
				52885FC121A9B83E00896890 /* Assets.xcassets in Resources */,
				52885FBF21A9B83D00896890 /* Main.storyboard in Resources */,
			);
			runOnlyForDeploymentPostprocessing = 0;
		};
/* End PBXResourcesBuildPhase section */

/* Begin PBXSourcesBuildPhase section */
		52885FB221A9B83D00896890 /* Sources */ = {
			isa = PBXSourcesBuildPhase;
			buildActionMask = 2147483647;
			files = (
				52885FBC21A9B83D00896890 /* MemeViewController.swift in Sources */,
				52885FCC21AB579800896890 /* MemeModel.swift in Sources */,
				52885FBA21A9B83D00896890 /* AppDelegate.swift in Sources */,
			);
			runOnlyForDeploymentPostprocessing = 0;
		};
/* End PBXSourcesBuildPhase section */

/* Begin PBXVariantGroup section */
		52885FBD21A9B83D00896890 /* Main.storyboard */ = {
			isa = PBXVariantGroup;
			children = (
				52885FBE21A9B83D00896890 /* Base */,
			);
			name = Main.storyboard;
			sourceTree = "<group>";
		};
		52885FC221A9B83E00896890 /* LaunchScreen.storyboard */ = {
			isa = PBXVariantGroup;
			children = (
				52885FC321A9B83E00896890 /* Base */,
			);
			name = LaunchScreen.storyboard;
			sourceTree = "<group>";
		};
/* End PBXVariantGroup section */

/* Begin XCBuildConfiguration section */
		52885FC621A9B83E00896890 /* Debug */ = {
			isa = XCBuildConfiguration;
			buildSettings = {
				ALWAYS_SEARCH_USER_PATHS = NO;
				CLANG_ANALYZER_NONNULL = YES;
				CLANG_ANALYZER_NUMBER_OBJECT_CONVERSION = YES_AGGRESSIVE;
				CLANG_CXX_LANGUAGE_STANDARD = "gnu++14";
				CLANG_CXX_LIBRARY = "libc++";
				CLANG_ENABLE_MODULES = YES;
				CLANG_ENABLE_OBJC_ARC = YES;
				CLANG_ENABLE_OBJC_WEAK = YES;
				CLANG_WARN_BLOCK_CAPTURE_AUTORELEASING = YES;
				CLANG_WARN_BOOL_CONVERSION = YES;
				CLANG_WARN_COMMA = YES;
				CLANG_WARN_CONSTANT_CONVERSION = YES;
				CLANG_WARN_DEPRECATED_OBJC_IMPLEMENTATIONS = YES;
				CLANG_WARN_DIRECT_OBJC_ISA_USAGE = YES_ERROR;
				CLANG_WARN_DOCUMENTATION_COMMENTS = YES;
				CLANG_WARN_EMPTY_BODY = YES;
				CLANG_WARN_ENUM_CONVERSION = YES;
				CLANG_WARN_INFINITE_RECURSION = YES;
				CLANG_WARN_INT_CONVERSION = YES;
				CLANG_WARN_NON_LITERAL_NULL_CONVERSION = YES;
				CLANG_WARN_OBJC_IMPLICIT_RETAIN_SELF = YES;
				CLANG_WARN_OBJC_LITERAL_CONVERSION = YES;
				CLANG_WARN_OBJC_ROOT_CLASS = YES_ERROR;
				CLANG_WARN_RANGE_LOOP_ANALYSIS = YES;
				CLANG_WARN_STRICT_PROTOTYPES = YES;
				CLANG_WARN_SUSPICIOUS_MOVE = YES;
				CLANG_WARN_UNGUARDED_AVAILABILITY = YES_AGGRESSIVE;
				CLANG_WARN_UNREACHABLE_CODE = YES;
				CLANG_WARN__DUPLICATE_METHOD_MATCH = YES;
				CODE_SIGN_IDENTITY = "iPhone Developer";
				COPY_PHASE_STRIP = NO;
				DEBUG_INFORMATION_FORMAT = dwarf;
				ENABLE_STRICT_OBJC_MSGSEND = YES;
				ENABLE_TESTABILITY = YES;
				GCC_C_LANGUAGE_STANDARD = gnu11;
				GCC_DYNAMIC_NO_PIC = NO;
				GCC_NO_COMMON_BLOCKS = YES;
				GCC_OPTIMIZATION_LEVEL = 0;
				GCC_PREPROCESSOR_DEFINITIONS = (
					"DEBUG=1",
					"$(inherited)",
				);
				GCC_WARN_64_TO_32_BIT_CONVERSION = YES;
				GCC_WARN_ABOUT_RETURN_TYPE = YES_ERROR;
				GCC_WARN_UNDECLARED_SELECTOR = YES;
				GCC_WARN_UNINITIALIZED_AUTOS = YES_AGGRESSIVE;
				GCC_WARN_UNUSED_FUNCTION = YES;
				GCC_WARN_UNUSED_VARIABLE = YES;
				IPHONEOS_DEPLOYMENT_TARGET = 12.0;
				MTL_ENABLE_DEBUG_INFO = INCLUDE_SOURCE;
				MTL_FAST_MATH = YES;
				ONLY_ACTIVE_ARCH = YES;
				SDKROOT = iphoneos;
				SWIFT_ACTIVE_COMPILATION_CONDITIONS = DEBUG;
				SWIFT_OPTIMIZATION_LEVEL = "-Onone";
			};
			name = Debug;
		};
		52885FC721A9B83E00896890 /* Release */ = {
			isa = XCBuildConfiguration;
			buildSettings = {
				ALWAYS_SEARCH_USER_PATHS = NO;
				CLANG_ANALYZER_NONNULL = YES;
				CLANG_ANALYZER_NUMBER_OBJECT_CONVERSION = YES_AGGRESSIVE;
				CLANG_CXX_LANGUAGE_STANDARD = "gnu++14";
				CLANG_CXX_LIBRARY = "libc++";
				CLANG_ENABLE_MODULES = YES;
				CLANG_ENABLE_OBJC_ARC = YES;
				CLANG_ENABLE_OBJC_WEAK = YES;
				CLANG_WARN_BLOCK_CAPTURE_AUTORELEASING = YES;
				CLANG_WARN_BOOL_CONVERSION = YES;
				CLANG_WARN_COMMA = YES;
				CLANG_WARN_CONSTANT_CONVERSION = YES;
				CLANG_WARN_DEPRECATED_OBJC_IMPLEMENTATIONS = YES;
				CLANG_WARN_DIRECT_OBJC_ISA_USAGE = YES_ERROR;
				CLANG_WARN_DOCUMENTATION_COMMENTS = YES;
				CLANG_WARN_EMPTY_BODY = YES;
				CLANG_WARN_ENUM_CONVERSION = YES;
				CLANG_WARN_INFINITE_RECURSION = YES;
				CLANG_WARN_INT_CONVERSION = YES;
				CLANG_WARN_NON_LITERAL_NULL_CONVERSION = YES;
				CLANG_WARN_OBJC_IMPLICIT_RETAIN_SELF = YES;
				CLANG_WARN_OBJC_LITERAL_CONVERSION = YES;
				CLANG_WARN_OBJC_ROOT_CLASS = YES_ERROR;
				CLANG_WARN_RANGE_LOOP_ANALYSIS = YES;
				CLANG_WARN_STRICT_PROTOTYPES = YES;
				CLANG_WARN_SUSPICIOUS_MOVE = YES;
				CLANG_WARN_UNGUARDED_AVAILABILITY = YES_AGGRESSIVE;
				CLANG_WARN_UNREACHABLE_CODE = YES;
				CLANG_WARN__DUPLICATE_METHOD_MATCH = YES;
				CODE_SIGN_IDENTITY = "iPhone Developer";
				COPY_PHASE_STRIP = NO;
				DEBUG_INFORMATION_FORMAT = "dwarf-with-dsym";
				ENABLE_NS_ASSERTIONS = NO;
				ENABLE_STRICT_OBJC_MSGSEND = YES;
				GCC_C_LANGUAGE_STANDARD = gnu11;
				GCC_NO_COMMON_BLOCKS = YES;
				GCC_WARN_64_TO_32_BIT_CONVERSION = YES;
				GCC_WARN_ABOUT_RETURN_TYPE = YES_ERROR;
				GCC_WARN_UNDECLARED_SELECTOR = YES;
				GCC_WARN_UNINITIALIZED_AUTOS = YES_AGGRESSIVE;
				GCC_WARN_UNUSED_FUNCTION = YES;
				GCC_WARN_UNUSED_VARIABLE = YES;
				IPHONEOS_DEPLOYMENT_TARGET = 12.0;
				MTL_ENABLE_DEBUG_INFO = NO;
				MTL_FAST_MATH = YES;
				SDKROOT = iphoneos;
				SWIFT_COMPILATION_MODE = wholemodule;
				SWIFT_OPTIMIZATION_LEVEL = "-O";
				VALIDATE_PRODUCT = YES;
			};
			name = Release;
		};
		52885FC921A9B83E00896890 /* Debug */ = {
			isa = XCBuildConfiguration;
			buildSettings = {
				ALWAYS_EMBED_SWIFT_STANDARD_LIBRARIES = YES;
				ASSETCATALOG_COMPILER_APPICON_NAME = AppIcon;
				CODE_SIGN_IDENTITY = "iPhone Developer";
				CODE_SIGN_STYLE = Automatic;
				DEVELOPMENT_TEAM = X9469P8892;
				INFOPLIST_FILE = MemeMev1/Info.plist;
				IPHONEOS_DEPLOYMENT_TARGET = 10.0;
				LD_RUNPATH_SEARCH_PATHS = (
					"$(inherited)",
					"@executable_path/Frameworks",
				);
				PRODUCT_BUNDLE_IDENTIFIER = br.com.optimize7.MemeMev1;
				PRODUCT_NAME = "$(TARGET_NAME)";
				PROVISIONING_PROFILE_SPECIFIER = "";
				SWIFT_VERSION = 4.2;
				TARGETED_DEVICE_FAMILY = "1,2";
			};
			name = Debug;
		};
		52885FCA21A9B83E00896890 /* Release */ = {
			isa = XCBuildConfiguration;
			buildSettings = {
				ALWAYS_EMBED_SWIFT_STANDARD_LIBRARIES = YES;
				ASSETCATALOG_COMPILER_APPICON_NAME = AppIcon;
				CODE_SIGN_IDENTITY = "iPhone Developer";
				CODE_SIGN_STYLE = Automatic;
				DEVELOPMENT_TEAM = X9469P8892;
				INFOPLIST_FILE = MemeMev1/Info.plist;
				IPHONEOS_DEPLOYMENT_TARGET = 10.0;
				LD_RUNPATH_SEARCH_PATHS = (
					"$(inherited)",
					"@executable_path/Frameworks",
				);
				PRODUCT_BUNDLE_IDENTIFIER = br.com.optimize7.MemeMev1;
				PRODUCT_NAME = "$(TARGET_NAME)";
				PROVISIONING_PROFILE_SPECIFIER = "";
				SWIFT_VERSION = 4.2;
				TARGETED_DEVICE_FAMILY = "1,2";
			};
			name = Release;
		};
/* End XCBuildConfiguration section */

/* Begin XCConfigurationList section */
		52885FB121A9B83D00896890 /* Build configuration list for PBXProject "MemeMev1" */ = {
			isa = XCConfigurationList;
			buildConfigurations = (
				52885FC621A9B83E00896890 /* Debug */,
				52885FC721A9B83E00896890 /* Release */,
			);
			defaultConfigurationIsVisible = 0;
			defaultConfigurationName = Release;
		};
		52885FC821A9B83E00896890 /* Build configuration list for PBXNativeTarget "MemeMev1" */ = {
			isa = XCConfigurationList;
			buildConfigurations = (
				52885FC921A9B83E00896890 /* Debug */,
				52885FCA21A9B83E00896890 /* Release */,
			);
			defaultConfigurationIsVisible = 0;
			defaultConfigurationName = Release;
		};
/* End XCConfigurationList section */
	};
	rootObject = 52885FAE21A9B83D00896890 /* Project object */;
}
